// !$*UTF8*$!
{
	archiveVersion = 1;
	classes = {
	};
	objectVersion = 60;
	objects = {

/* Begin PBXBuildFile section */
		A00000000000000000000001 /* FloatTabsApp.swift in Sources */ = {isa = PBXBuildFile; fileRef = B00000000000000000000001 /* FloatTabsApp.swift */; };
		A00000000000000000000002 /* AppDelegate.swift in Sources */ = {isa = PBXBuildFile; fileRef = B00000000000000000000002 /* AppDelegate.swift */; };
		A00000000000000000000003 /* AppCoordinator.swift in Sources */ = {isa = PBXBuildFile; fileRef = B00000000000000000000003 /* AppCoordinator.swift */; };
		A00000000000000000000022 /* BenchmarkControlServer.swift in Sources */ = {isa = PBXBuildFile; fileRef = B00000000000000000000022 /* BenchmarkControlServer.swift */; };
		A00000000000000000000004 /* FloatingPanel.swift in Sources */ = {isa = PBXBuildFile; fileRef = B00000000000000000000004 /* FloatingPanel.swift */; };
		A00000000000000000000005 /* PanelController.swift in Sources */ = {isa = PBXBuildFile; fileRef = B00000000000000000000005 /* PanelController.swift */; };
		A00000000000000000000006 /* ScreenPositioning.swift in Sources */ = {isa = PBXBuildFile; fileRef = B00000000000000000000006 /* ScreenPositioning.swift */; };
		A00000000000000000000007 /* StatusItemController.swift in Sources */ = {isa = PBXBuildFile; fileRef = B00000000000000000000007 /* StatusItemController.swift */; };
		A00000000000000000000008 /* GlobalHotkeyController.swift in Sources */ = {isa = PBXBuildFile; fileRef = B00000000000000000000008 /* GlobalHotkeyController.swift */; };
		A00000000000000000000009 /* WebViewFactory.swift in Sources */ = {isa = PBXBuildFile; fileRef = B00000000000000000000009 /* WebViewFactory.swift */; };
		A0000000000000000000000A /* WebViewContainer.swift in Sources */ = {isa = PBXBuildFile; fileRef = B0000000000000000000000A /* WebViewContainer.swift */; };
		A00000000000000000000029 /* Assets.xcassets in Resources */ = {isa = PBXBuildFile; fileRef = B00000000000000000000029 /* Assets.xcassets */; };
		A0000000000000000000000C /* KeyboardShortcuts in Frameworks */ = {isa = PBXBuildFile; productRef = F00000000000000000000001 /* KeyboardShortcuts */; };
		A0000000000000000000000D /* ScreenPositioningTests.swift in Sources */ = {isa = PBXBuildFile; fileRef = B0000000000000000000000C /* ScreenPositioningTests.swift */; };
		A0000000000000000000000E /* WebViewFactoryTests.swift in Sources */ = {isa = PBXBuildFile; fileRef = B0000000000000000000000D /* WebViewFactoryTests.swift */; };
		A0000000000000000000000F /* AppCommandController.swift in Sources */ = {isa = PBXBuildFile; fileRef = B00000000000000000000010 /* AppCommandController.swift */; };
		A00000000000000000000010 /* WebRenderingProfile.swift in Sources */ = {isa = PBXBuildFile; fileRef = B00000000000000000000011 /* WebRenderingProfile.swift */; };
		A00000000000000000000011 /* WebAppProfile.swift in Sources */ = {isa = PBXBuildFile; fileRef = B00000000000000000000012 /* WebAppProfile.swift */; };
		A00000000000000000000012 /* TabStore.swift in Sources */ = {isa = PBXBuildFile; fileRef = B00000000000000000000013 /* TabStore.swift */; };
		A00000000000000000000013 /* ProfileRepository.swift in Sources */ = {isa = PBXBuildFile; fileRef = B00000000000000000000014 /* ProfileRepository.swift */; };
		A00000000000000000000014 /* WebViewPool.swift in Sources */ = {isa = PBXBuildFile; fileRef = B00000000000000000000015 /* WebViewPool.swift */; };
		A00000000000000000000021 /* SlotLifecycleCoordinator.swift in Sources */ = {isa = PBXBuildFile; fileRef = B00000000000000000000021 /* SlotLifecycleCoordinator.swift */; };
		A00000000000000000000015 /* SlotNavigationObserver.swift in Sources */ = {isa = PBXBuildFile; fileRef = B00000000000000000000016 /* SlotNavigationObserver.swift */; };
		A00000000000000000000016 /* ExternalTabRail.swift in Sources */ = {isa = PBXBuildFile; fileRef = B00000000000000000000017 /* ExternalTabRail.swift */; };
		A00000000000000000000017 /* WebAppEditorController.swift in Sources */ = {isa = PBXBuildFile; fileRef = B00000000000000000000018 /* WebAppEditorController.swift */; };
		A00000000000000000000018 /* EmptyWebAppView.swift in Sources */ = {isa = PBXBuildFile; fileRef = B00000000000000000000019 /* EmptyWebAppView.swift */; };
		A00000000000000000000019 /* TabStoreTests.swift in Sources */ = {isa = PBXBuildFile; fileRef = B0000000000000000000001A /* TabStoreTests.swift */; };
		A0000000000000000000001A /* ProfileRepositoryTests.swift in Sources */ = {isa = PBXBuildFile; fileRef = B0000000000000000000001B /* ProfileRepositoryTests.swift */; };
		A0000000000000000000001B /* WebViewPoolTests.swift in Sources */ = {isa = PBXBuildFile; fileRef = B0000000000000000000001C /* WebViewPoolTests.swift */; };
		A0000000000000000000001C /* ExternalShellTests.swift in Sources */ = {isa = PBXBuildFile; fileRef = B0000000000000000000001D /* ExternalShellTests.swift */; };
		A0000000000000000000001D /* AppCommandControllerTests.swift in Sources */ = {isa = PBXBuildFile; fileRef = B0000000000000000000001E /* AppCommandControllerTests.swift */; };
		A0000000000000000000001E /* WebNavigationCoordinator.swift in Sources */ = {isa = PBXBuildFile; fileRef = B0000000000000000000001F /* WebNavigationCoordinator.swift */; };
		A0000000000000000000001F /* PopupCoordinator.swift in Sources */ = {isa = PBXBuildFile; fileRef = B00000000000000000000020 /* PopupCoordinator.swift */; };
		A00000000000000000000023 /* AppPreferencesStore.swift in Sources */ = {isa = PBXBuildFile; fileRef = B00000000000000000000023 /* AppPreferencesStore.swift */; };
		A00000000000000000000024 /* GlobalSettingsController.swift in Sources */ = {isa = PBXBuildFile; fileRef = B00000000000000000000024 /* GlobalSettingsController.swift */; };
		A00000000000000000000025 /* AppPreferencesStoreTests.swift in Sources */ = {isa = PBXBuildFile; fileRef = B00000000000000000000025 /* AppPreferencesStoreTests.swift */; };
		A00000000000000000000026 /* FloatTabsBackupService.swift in Sources */ = {isa = PBXBuildFile; fileRef = B00000000000000000000026 /* FloatTabsBackupService.swift */; };
		A00000000000000000000027 /* FloatTabsBackupServiceTests.swift in Sources */ = {isa = PBXBuildFile; fileRef = B00000000000000000000027 /* FloatTabsBackupServiceTests.swift */; };
		A00000000000000000000028 /* FullscreenSourceHost.swift in Sources */ = {isa = PBXBuildFile; fileRef = B00000000000000000000028 /* FullscreenSourceHost.swift */; };
/* End PBXBuildFile section */

/* Begin PBXContainerItemProxy section */
		C00000000000000000000001 /* PBXContainerItemProxy */ = {
			isa = PBXContainerItemProxy;
			containerPortal = D00000000000000000000001 /* Project object */;
			proxyType = 1;
			remoteGlobalIDString = E00000000000000000000001;
			remoteInfo = FloatTabs;
		};
/* End PBXContainerItemProxy section */

/* Begin PBXFileReference section */
		B00000000000000000000001 /* FloatTabsApp.swift */ = {isa = PBXFileReference; lastKnownFileType = sourcecode.swift; path = FloatTabsApp.swift; sourceTree = "<group>"; };
		B00000000000000000000002 /* AppDelegate.swift */ = {isa = PBXFileReference; lastKnownFileType = sourcecode.swift; path = AppDelegate.swift; sourceTree = "<group>"; };
		B00000000000000000000003 /* AppCoordinator.swift */ = {isa = PBXFileReference; lastKnownFileType = sourcecode.swift; path = AppCoordinator.swift; sourceTree = "<group>"; };
		B00000000000000000000022 /* BenchmarkControlServer.swift */ = {isa = PBXFileReference; lastKnownFileType = sourcecode.swift; path = BenchmarkControlServer.swift; sourceTree = "<group>"; };
		B00000000000000000000004 /* FloatingPanel.swift */ = {isa = PBXFileReference; lastKnownFileType = sourcecode.swift; path = FloatingPanel.swift; sourceTree = "<group>"; };
		B00000000000000000000005 /* PanelController.swift */ = {isa = PBXFileReference; lastKnownFileType = sourcecode.swift; path = PanelController.swift; sourceTree = "<group>"; };
		B00000000000000000000006 /* ScreenPositioning.swift */ = {isa = PBXFileReference; lastKnownFileType = sourcecode.swift; path = ScreenPositioning.swift; sourceTree = "<group>"; };
		B00000000000000000000007 /* StatusItemController.swift */ = {isa = PBXFileReference; lastKnownFileType = sourcecode.swift; path = StatusItemController.swift; sourceTree = "<group>"; };
		B00000000000000000000008 /* GlobalHotkeyController.swift */ = {isa = PBXFileReference; lastKnownFileType = sourcecode.swift; path = GlobalHotkeyController.swift; sourceTree = "<group>"; };
		B00000000000000000000009 /* WebViewFactory.swift */ = {isa = PBXFileReference; lastKnownFileType = sourcecode.swift; path = WebViewFactory.swift; sourceTree = "<group>"; };
		B0000000000000000000000A /* WebViewContainer.swift */ = {isa = PBXFileReference; lastKnownFileType = sourcecode.swift; path = WebViewContainer.swift; sourceTree = "<group>"; };
		B00000000000000000000029 /* Assets.xcassets */ = {isa = PBXFileReference; lastKnownFileType = folder.assetcatalog; path = Assets.xcassets; sourceTree = "<group>"; };
		B0000000000000000000000C /* ScreenPositioningTests.swift */ = {isa = PBXFileReference; lastKnownFileType = sourcecode.swift; path = ScreenPositioningTests.swift; sourceTree = "<group>"; };
		B0000000000000000000000D /* WebViewFactoryTests.swift */ = {isa = PBXFileReference; lastKnownFileType = sourcecode.swift; path = WebViewFactoryTests.swift; sourceTree = "<group>"; };
		B0000000000000000000000E /* FloatTabs.app */ = {isa = PBXFileReference; explicitFileType = wrapper.application; includeInIndex = 0; path = FloatTabs.app; sourceTree = BUILT_PRODUCTS_DIR; };
		B0000000000000000000000F /* FloatTabsTests.xctest */ = {isa = PBXFileReference; explicitFileType = wrapper.cfbundle; includeInIndex = 0; path = FloatTabsTests.xctest; sourceTree = BUILT_PRODUCTS_DIR; };
		B00000000000000000000010 /* AppCommandController.swift */ = {isa = PBXFileReference; lastKnownFileType = sourcecode.swift; path = AppCommandController.swift; sourceTree = "<group>"; };
		B00000000000000000000011 /* WebRenderingProfile.swift */ = {isa = PBXFileReference; lastKnownFileType = sourcecode.swift; path = WebRenderingProfile.swift; sourceTree = "<group>"; };
		B00000000000000000000012 /* WebAppProfile.swift */ = {isa = PBXFileReference; lastKnownFileType = sourcecode.swift; path = WebAppProfile.swift; sourceTree = "<group>"; };
		B00000000000000000000013 /* TabStore.swift */ = {isa = PBXFileReference; lastKnownFileType = sourcecode.swift; path = TabStore.swift; sourceTree = "<group>"; };
		B00000000000000000000014 /* ProfileRepository.swift */ = {isa = PBXFileReference; lastKnownFileType = sourcecode.swift; path = ProfileRepository.swift; sourceTree = "<group>"; };
		B00000000000000000000015 /* WebViewPool.swift */ = {isa = PBXFileReference; lastKnownFileType = sourcecode.swift; path = WebViewPool.swift; sourceTree = "<group>"; };
		B00000000000000000000021 /* SlotLifecycleCoordinator.swift */ = {isa = PBXFileReference; lastKnownFileType = sourcecode.swift; path = SlotLifecycleCoordinator.swift; sourceTree = "<group>"; };
		B00000000000000000000016 /* SlotNavigationObserver.swift */ = {isa = PBXFileReference; lastKnownFileType = sourcecode.swift; path = SlotNavigationObserver.swift; sourceTree = "<group>"; };
		B00000000000000000000017 /* ExternalTabRail.swift */ = {isa = PBXFileReference; lastKnownFileType = sourcecode.swift; path = ExternalTabRail.swift; sourceTree = "<group>"; };
		B00000000000000000000018 /* WebAppEditorController.swift */ = {isa = PBXFileReference; lastKnownFileType = sourcecode.swift; path = WebAppEditorController.swift; sourceTree = "<group>"; };
		B00000000000000000000019 /* EmptyWebAppView.swift */ = {isa = PBXFileReference; lastKnownFileType = sourcecode.swift; path = EmptyWebAppView.swift; sourceTree = "<group>"; };
		B0000000000000000000001A /* TabStoreTests.swift */ = {isa = PBXFileReference; lastKnownFileType = sourcecode.swift; path = TabStoreTests.swift; sourceTree = "<group>"; };
		B0000000000000000000001B /* ProfileRepositoryTests.swift */ = {isa = PBXFileReference; lastKnownFileType = sourcecode.swift; path = ProfileRepositoryTests.swift; sourceTree = "<group>"; };
		B0000000000000000000001C /* WebViewPoolTests.swift */ = {isa = PBXFileReference; lastKnownFileType = sourcecode.swift; path = WebViewPoolTests.swift; sourceTree = "<group>"; };
		B0000000000000000000001D /* ExternalShellTests.swift */ = {isa = PBXFileReference; lastKnownFileType = sourcecode.swift; path = ExternalShellTests.swift; sourceTree = "<group>"; };
		B0000000000000000000001E /* AppCommandControllerTests.swift */ = {isa = PBXFileReference; lastKnownFileType = sourcecode.swift; path = AppCommandControllerTests.swift; sourceTree = "<group>"; };
		B0000000000000000000001F /* WebNavigationCoordinator.swift */ = {isa = PBXFileReference; lastKnownFileType = sourcecode.swift; path = WebNavigationCoordinator.swift; sourceTree = "<group>"; };
		B00000000000000000000020 /* PopupCoordinator.swift */ = {isa = PBXFileReference; lastKnownFileType = sourcecode.swift; path = PopupCoordinator.swift; sourceTree = "<group>"; };
		B00000000000000000000023 /* AppPreferencesStore.swift */ = {isa = PBXFileReference; lastKnownFileType = sourcecode.swift; path = AppPreferencesStore.swift; sourceTree = "<group>"; };
		B00000000000000000000024 /* GlobalSettingsController.swift */ = {isa = PBXFileReference; lastKnownFileType = sourcecode.swift; path = GlobalSettingsController.swift; sourceTree = "<group>"; };
		B00000000000000000000025 /* AppPreferencesStoreTests.swift */ = {isa = PBXFileReference; lastKnownFileType = sourcecode.swift; path = AppPreferencesStoreTests.swift; sourceTree = "<group>"; };
		B00000000000000000000026 /* FloatTabsBackupService.swift */ = {isa = PBXFileReference; lastKnownFileType = sourcecode.swift; path = FloatTabsBackupService.swift; sourceTree = "<group>"; };
		B00000000000000000000027 /* FloatTabsBackupServiceTests.swift */ = {isa = PBXFileReference; lastKnownFileType = sourcecode.swift; path = FloatTabsBackupServiceTests.swift; sourceTree = "<group>"; };
		B00000000000000000000028 /* FullscreenSourceHost.swift */ = {isa = PBXFileReference; lastKnownFileType = sourcecode.swift; path = FullscreenSourceHost.swift; sourceTree = "<group>"; };
/* End PBXFileReference section */

/* Begin PBXFrameworksBuildPhase section */
		G00000000000000000000001 /* Frameworks */ = {
			isa = PBXFrameworksBuildPhase;
			buildActionMask = 2147483647;
			files = (
				A0000000000000000000000C /* KeyboardShortcuts in Frameworks */,
			);
			runOnlyForDeploymentPostprocessing = 0;
		};
		G00000000000000000000002 /* Frameworks */ = {
			isa = PBXFrameworksBuildPhase;
			buildActionMask = 2147483647;
			files = (
			);
			runOnlyForDeploymentPostprocessing = 0;
		};
/* End PBXFrameworksBuildPhase section */

/* Begin PBXGroup section */
		H00000000000000000000001 = {
			isa = PBXGroup;
			children = (
				H00000000000000000000002 /* FloatTabs */,
				H00000000000000000000009 /* FloatTabsTests */,
				H0000000000000000000000A /* Products */,
			);
			sourceTree = "<group>";
		};
		H00000000000000000000002 /* FloatTabs */ = {
			isa = PBXGroup;
			children = (
				H00000000000000000000003 /* App */,
				H00000000000000000000004 /* Panel */,
				H00000000000000000000005 /* MenuBar */,
				H00000000000000000000006 /* Hotkeys */,
				H0000000000000000000000B /* Tabs */,
				H0000000000000000000000C /* Persistence */,
				H00000000000000000000007 /* Web */,
				H0000000000000000000000D /* UI */,
				H00000000000000000000008 /* Resources */,
			);
			path = FloatTabs;
			sourceTree = "<group>";
		};
		H00000000000000000000003 /* App */ = {
			isa = PBXGroup;
			children = (
				B00000000000000000000001 /* FloatTabsApp.swift */,
				B00000000000000000000002 /* AppDelegate.swift */,
				B00000000000000000000003 /* AppCoordinator.swift */,
				B00000000000000000000022 /* BenchmarkControlServer.swift */,
			);
			path = App;
			sourceTree = "<group>";
		};
		H00000000000000000000004 /* Panel */ = {
			isa = PBXGroup;
			children = (
				B00000000000000000000004 /* FloatingPanel.swift */,
				B00000000000000000000028 /* FullscreenSourceHost.swift */,
				B00000000000000000000005 /* PanelController.swift */,
				B00000000000000000000006 /* ScreenPositioning.swift */,
			);
			path = Panel;
			sourceTree = "<group>";
		};
		H00000000000000000000005 /* MenuBar */ = {
			isa = PBXGroup;
			children = (
				B00000000000000000000007 /* StatusItemController.swift */,
			);
			path = MenuBar;
			sourceTree = "<group>";
		};
		H00000000000000000000006 /* Hotkeys */ = {
			isa = PBXGroup;
			children = (
				B00000000000000000000008 /* GlobalHotkeyController.swift */,
				B00000000000000000000010 /* AppCommandController.swift */,
			);
			path = Hotkeys;
			sourceTree = "<group>";
		};
		H0000000000000000000000B /* Tabs */ = {
			isa = PBXGroup;
			children = (
				B00000000000000000000011 /* WebRenderingProfile.swift */,
				B00000000000000000000012 /* WebAppProfile.swift */,
				B00000000000000000000013 /* TabStore.swift */,
			);
			path = Tabs;
			sourceTree = "<group>";
		};
		H0000000000000000000000C /* Persistence */ = {
			isa = PBXGroup;
			children = (
				B00000000000000000000014 /* ProfileRepository.swift */,
				B00000000000000000000023 /* AppPreferencesStore.swift */,
				B00000000000000000000026 /* FloatTabsBackupService.swift */,
			);
			path = Persistence;
			sourceTree = "<group>";
		};
		H00000000000000000000007 /* Web */ = {
			isa = PBXGroup;
			children = (
				B00000000000000000000009 /* WebViewFactory.swift */,
				B0000000000000000000000A /* WebViewContainer.swift */,
				B00000000000000000000015 /* WebViewPool.swift */,
				B00000000000000000000021 /* SlotLifecycleCoordinator.swift */,
				B0000000000000000000001F /* WebNavigationCoordinator.swift */,
				B00000000000000000000020 /* PopupCoordinator.swift */,
				B00000000000000000000016 /* SlotNavigationObserver.swift */,
			);
			path = Web;
			sourceTree = "<group>";
		};
		H0000000000000000000000D /* UI */ = {
			isa = PBXGroup;
			children = (
				B00000000000000000000017 /* ExternalTabRail.swift */,
				B00000000000000000000018 /* WebAppEditorController.swift */,
				B00000000000000000000019 /* EmptyWebAppView.swift */,
				B00000000000000000000024 /* GlobalSettingsController.swift */,
			);
			path = UI;
			sourceTree = "<group>";
		};
		H00000000000000000000008 /* Resources */ = {
			isa = PBXGroup;
			children = (
				B00000000000000000000029 /* Assets.xcassets */,
			);
			path = Resources;
			sourceTree = "<group>";
		};
		H00000000000000000000009 /* FloatTabsTests */ = {
			isa = PBXGroup;
			children = (
				B0000000000000000000000C /* ScreenPositioningTests.swift */,
				B0000000000000000000000D /* WebViewFactoryTests.swift */,
				B0000000000000000000001A /* TabStoreTests.swift */,
				B0000000000000000000001B /* ProfileRepositoryTests.swift */,
				B0000000000000000000001C /* WebViewPoolTests.swift */,
				B0000000000000000000001D /* ExternalShellTests.swift */,
				B0000000000000000000001E /* AppCommandControllerTests.swift */,
				B00000000000000000000025 /* AppPreferencesStoreTests.swift */,
				B00000000000000000000027 /* FloatTabsBackupServiceTests.swift */,
			);
			path = FloatTabsTests;
			sourceTree = "<group>";
		};
		H0000000000000000000000A /* Products */ = {
			isa = PBXGroup;
			children = (
				B0000000000000000000000E /* FloatTabs.app */,
				B0000000000000000000000F /* FloatTabsTests.xctest */,
			);
			name = Products;
			sourceTree = "<group>";
		};
/* End PBXGroup section */

/* Begin PBXNativeTarget section */
		E00000000000000000000001 /* FloatTabs */ = {
			isa = PBXNativeTarget;
			buildConfigurationList = I00000000000000000000002 /* Build configuration list for PBXNativeTarget "FloatTabs" */;
			buildPhases = (
				J00000000000000000000001 /* Sources */,
				G00000000000000000000001 /* Frameworks */,
				K00000000000000000000001 /* Resources */,
			);
			buildRules = (
			);
			dependencies = (
			);
			name = FloatTabs;
			packageProductDependencies = (
				F00000000000000000000001 /* KeyboardShortcuts */,
			);
			productName = FloatTabs;
			productReference = B0000000000000000000000E /* FloatTabs.app */;
			productType = "com.apple.product-type.application";
		};
		E00000000000000000000002 /* FloatTabsTests */ = {
			isa = PBXNativeTarget;
			buildConfigurationList = I00000000000000000000003 /* Build configuration list for PBXNativeTarget "FloatTabsTests" */;
			buildPhases = (
				J00000000000000000000002 /* Sources */,
				G00000000000000000000002 /* Frameworks */,
				K00000000000000000000002 /* Resources */,
			);
			buildRules = (
			);
			dependencies = (
				L00000000000000000000001 /* PBXTargetDependency */,
			);
			name = FloatTabsTests;
			productName = FloatTabsTests;
			productReference = B0000000000000000000000F /* FloatTabsTests.xctest */;
			productType = "com.apple.product-type.bundle.unit-test";
		};
/* End PBXNativeTarget section */

/* Begin PBXProject section */
		D00000000000000000000001 /* Project object */ = {
			isa = PBXProject;
			attributes = {
				BuildIndependentTargetsInParallel = 1;
				LastSwiftUpdateCheck = 1600;
				LastUpgradeCheck = 1600;
				TargetAttributes = {
					E00000000000000000000001 = {
						CreatedOnToolsVersion = 16.0;
					};
					E00000000000000000000002 = {
						CreatedOnToolsVersion = 16.0;
						TestTargetID = E00000000000000000000001;
					};
				};
			};
			buildConfigurationList = I00000000000000000000001 /* Build configuration list for PBXProject "FloatTabs" */;
			compatibilityVersion = "Xcode 15.0";
			developmentRegion = en;
			hasScannedForEncodings = 0;
			knownRegions = (
				en,
				Base,
			);
			mainGroup = H00000000000000000000001;
			packageReferences = (
				M00000000000000000000001 /* XCRemoteSwiftPackageReference "KeyboardShortcuts" */,
			);
			productRefGroup = H0000000000000000000000A /* Products */;
			projectDirPath = "";
			projectRoot = "";
			targets = (
				E00000000000000000000001 /* FloatTabs */,
				E00000000000000000000002 /* FloatTabsTests */,
			);
		};
/* End PBXProject section */

/* Begin PBXResourcesBuildPhase section */
		K00000000000000000000001 /* Resources */ = {
			isa = PBXResourcesBuildPhase;
			buildActionMask = 2147483647;
			files = (
				A00000000000000000000029 /* Assets.xcassets in Resources */,
			);
			runOnlyForDeploymentPostprocessing = 0;
		};
		K00000000000000000000002 /* Resources */ = {
			isa = PBXResourcesBuildPhase;
			buildActionMask = 2147483647;
			files = (
			);
			runOnlyForDeploymentPostprocessing = 0;
		};
/* End PBXResourcesBuildPhase section */

/* Begin PBXSourcesBuildPhase section */
		J00000000000000000000001 /* Sources */ = {
			isa = PBXSourcesBuildPhase;
			buildActionMask = 2147483647;
			files = (
				A00000000000000000000003 /* AppCoordinator.swift in Sources */,
				A00000000000000000000023 /* AppPreferencesStore.swift in Sources */,
				A00000000000000000000024 /* GlobalSettingsController.swift in Sources */,
				A00000000000000000000026 /* FloatTabsBackupService.swift in Sources */,
				A00000000000000000000022 /* BenchmarkControlServer.swift in Sources */,
				A00000000000000000000002 /* AppDelegate.swift in Sources */,
				A0000000000000000000000F /* AppCommandController.swift in Sources */,
				A00000000000000000000018 /* EmptyWebAppView.swift in Sources */,
				A00000000000000000000016 /* ExternalTabRail.swift in Sources */,
				A00000000000000000000001 /* FloatTabsApp.swift in Sources */,
				A00000000000000000000004 /* FloatingPanel.swift in Sources */,
				A00000000000000000000028 /* FullscreenSourceHost.swift in Sources */,
				A00000000000000000000008 /* GlobalHotkeyController.swift in Sources */,
				A00000000000000000000005 /* PanelController.swift in Sources */,
				A00000000000000000000013 /* ProfileRepository.swift in Sources */,
				A00000000000000000000006 /* ScreenPositioning.swift in Sources */,
				A00000000000000000000015 /* SlotNavigationObserver.swift in Sources */,
				A0000000000000000000001E /* WebNavigationCoordinator.swift in Sources */,
				A0000000000000000000001F /* PopupCoordinator.swift in Sources */,
				A00000000000000000000007 /* StatusItemController.swift in Sources */,
				A00000000000000000000012 /* TabStore.swift in Sources */,
				A00000000000000000000011 /* WebAppProfile.swift in Sources */,
				A00000000000000000000017 /* WebAppEditorController.swift in Sources */,
				A00000000000000000000010 /* WebRenderingProfile.swift in Sources */,
				A0000000000000000000000A /* WebViewContainer.swift in Sources */,
				A00000000000000000000009 /* WebViewFactory.swift in Sources */,
				A00000000000000000000014 /* WebViewPool.swift in Sources */,
				A00000000000000000000021 /* SlotLifecycleCoordinator.swift in Sources */,
			);
			runOnlyForDeploymentPostprocessing = 0;
		};
		J00000000000000000000002 /* Sources */ = {
			isa = PBXSourcesBuildPhase;
			buildActionMask = 2147483647;
			files = (
				A0000000000000000000001D /* AppCommandControllerTests.swift in Sources */,
				A00000000000000000000025 /* AppPreferencesStoreTests.swift in Sources */,
				A00000000000000000000027 /* FloatTabsBackupServiceTests.swift in Sources */,
				A0000000000000000000001C /* ExternalShellTests.swift in Sources */,
				A0000000000000000000001A /* ProfileRepositoryTests.swift in Sources */,
				A0000000000000000000000D /* ScreenPositioningTests.swift in Sources */,
				A00000000000000000000019 /* TabStoreTests.swift in Sources */,
				A0000000000000000000000E /* WebViewFactoryTests.swift in Sources */,
				A0000000000000000000001B /* WebViewPoolTests.swift in Sources */,
			);
			runOnlyForDeploymentPostprocessing = 0;
		};
/* End PBXSourcesBuildPhase section */

/* Begin PBXTargetDependency section */
		L00000000000000000000001 /* PBXTargetDependency */ = {
			isa = PBXTargetDependency;
			target = E00000000000000000000001 /* FloatTabs */;
			targetProxy = C00000000000000000000001 /* PBXContainerItemProxy */;
		};
/* End PBXTargetDependency section */

/* Begin XCBuildConfiguration section */
		N00000000000000000000001 /* Debug */ = {
			isa = XCBuildConfiguration;
			buildSettings = {
				CLANG_ENABLE_MODULES = YES;
				CLANG_ENABLE_OBJC_ARC = YES;
				COPY_PHASE_STRIP = NO;
				DEBUG_INFORMATION_FORMAT = dwarf;
				ENABLE_TESTABILITY = YES;
				GCC_C_LANGUAGE_STANDARD = gnu17;
				GCC_OPTIMIZATION_LEVEL = 0;
				MACOSX_DEPLOYMENT_TARGET = 13.0;
				MTL_ENABLE_DEBUG_INFO = INCLUDE_SOURCE;
				ONLY_ACTIVE_ARCH = YES;
				SDKROOT = macosx;
				SWIFT_ACTIVE_COMPILATION_CONDITIONS = "DEBUG $(inherited)";
				SWIFT_STRICT_CONCURRENCY = complete;
				SWIFT_OPTIMIZATION_LEVEL = "-Onone";
			};
			name = Debug;
		};
		N00000000000000000000002 /* Release */ = {
			isa = XCBuildConfiguration;
			buildSettings = {
				CLANG_ENABLE_MODULES = YES;
				CLANG_ENABLE_OBJC_ARC = YES;
				COPY_PHASE_STRIP = NO;
				DEBUG_INFORMATION_FORMAT = "dwarf-with-dsym";
				GCC_C_LANGUAGE_STANDARD = gnu17;
				MACOSX_DEPLOYMENT_TARGET = 13.0;
				SDKROOT = macosx;
				SWIFT_COMPILATION_MODE = wholemodule;
				SWIFT_STRICT_CONCURRENCY = complete;
			};
			name = Release;
		};
		N00000000000000000000003 /* Debug */ = {
			isa = XCBuildConfiguration;
			buildSettings = {
				ASSETCATALOG_COMPILER_APPICON_NAME = AppIcon;
				CODE_SIGN_STYLE = Automatic;
				CURRENT_PROJECT_VERSION = 2;
				ENABLE_HARDENED_RUNTIME = YES;
				GENERATE_INFOPLIST_FILE = YES;
				INFOPLIST_KEY_CFBundleDisplayName = FloatTabs;
				INFOPLIST_KEY_LSUIElement = YES;
				LD_RUNPATH_SEARCH_PATHS = (
					"$(inherited)",
					"@executable_path/../Frameworks",
				);
				MARKETING_VERSION = 0.1.1;
				PRODUCT_BUNDLE_IDENTIFIER = com.lost0rz.FloatTabs;
				PRODUCT_NAME = "$(TARGET_NAME)";
				SWIFT_EMIT_LOC_STRINGS = YES;
				SWIFT_VERSION = 5.0;
			};
			name = Debug;
		};
		N00000000000000000000004 /* Release */ = {
			isa = XCBuildConfiguration;
			buildSettings = {
				ASSETCATALOG_COMPILER_APPICON_NAME = AppIcon;
				CODE_SIGN_STYLE = Automatic;
				CURRENT_PROJECT_VERSION = 2;
				ENABLE_HARDENED_RUNTIME = YES;
				GENERATE_INFOPLIST_FILE = YES;
				INFOPLIST_KEY_CFBundleDisplayName = FloatTabs;
				INFOPLIST_KEY_LSUIElement = YES;
				LD_RUNPATH_SEARCH_PATHS = (
					"$(inherited)",
					"@executable_path/../Frameworks",
				);
				MARKETING_VERSION = 0.1.1;
				PRODUCT_BUNDLE_IDENTIFIER = com.lost0rz.FloatTabs;
				PRODUCT_NAME = "$(TARGET_NAME)";
				SWIFT_EMIT_LOC_STRINGS = YES;
				SWIFT_VERSION = 5.0;
			};
			name = Release;
		};
		N00000000000000000000005 /* Debug */ = {
			isa = XCBuildConfiguration;
			buildSettings = {
				BUNDLE_LOADER = "$(TEST_HOST)";
				CODE_SIGN_STYLE = Automatic;
				GENERATE_INFOPLIST_FILE = YES;
				LD_RUNPATH_SEARCH_PATHS = (
					"$(inherited)",
					"@executable_path/../Frameworks",
					"@loader_path/../Frameworks",
				);
				MACOSX_DEPLOYMENT_TARGET = 14.0;
				PRODUCT_BUNDLE_IDENTIFIER = com.lost0rz.FloatTabsTests;
				PRODUCT_NAME = "$(TARGET_NAME)";
				SWIFT_VERSION = 5.0;
				TEST_HOST = "$(BUILT_PRODUCTS_DIR)/FloatTabs.app/Contents/MacOS/FloatTabs";
			};
			name = Debug;
		};
		N00000000000000000000006 /* Release */ = {
			isa = XCBuildConfiguration;
			buildSettings = {
				BUNDLE_LOADER = "$(TEST_HOST)";
				CODE_SIGN_STYLE = Automatic;
				GENERATE_INFOPLIST_FILE = YES;
				LD_RUNPATH_SEARCH_PATHS = (
					"$(inherited)",
					"@executable_path/../Frameworks",
					"@loader_path/../Frameworks",
				);
				MACOSX_DEPLOYMENT_TARGET = 14.0;
				PRODUCT_BUNDLE_IDENTIFIER = com.lost0rz.FloatTabsTests;
				PRODUCT_NAME = "$(TARGET_NAME)";
				SWIFT_VERSION = 5.0;
				TEST_HOST = "$(BUILT_PRODUCTS_DIR)/FloatTabs.app/Contents/MacOS/FloatTabs";
			};
			name = Release;
		};
/* End XCBuildConfiguration section */

/* Begin XCConfigurationList section */
		I00000000000000000000001 /* Build configuration list for PBXProject "FloatTabs" */ = {
			isa = XCConfigurationList;
			buildConfigurations = (
				N00000000000000000000001 /* Debug */,
				N00000000000000000000002 /* Release */,
			);
			defaultConfigurationIsVisible = 0;
			defaultConfigurationName = Release;
		};
		I00000000000000000000002 /* Build configuration list for PBXNativeTarget "FloatTabs" */ = {
			isa = XCConfigurationList;
			buildConfigurations = (
				N00000000000000000000003 /* Debug */,
				N00000000000000000000004 /* Release */,
			);
			defaultConfigurationIsVisible = 0;
			defaultConfigurationName = Release;
		};
		I00000000000000000000003 /* Build configuration list for PBXNativeTarget "FloatTabsTests" */ = {
			isa = XCConfigurationList;
			buildConfigurations = (
				N00000000000000000000005 /* Debug */,
				N00000000000000000000006 /* Release */,
			);
			defaultConfigurationIsVisible = 0;
			defaultConfigurationName = Release;
		};
/* End XCConfigurationList section */

/* Begin XCRemoteSwiftPackageReference section */
		M00000000000000000000001 /* XCRemoteSwiftPackageReference "KeyboardShortcuts" */ = {
			isa = XCRemoteSwiftPackageReference;
			repositoryURL = "https://github.com/sindresorhus/KeyboardShortcuts";
			requirement = {
				kind = upToNextMajorVersion;
				minimumVersion = 3.0.1;
			};
		};
/* End XCRemoteSwiftPackageReference section */

/* Begin XCSwiftPackageProductDependency section */
		F00000000000000000000001 /* KeyboardShortcuts */ = {
			isa = XCSwiftPackageProductDependency;
			package = M00000000000000000000001 /* XCRemoteSwiftPackageReference "KeyboardShortcuts" */;
			productName = KeyboardShortcuts;
		};
/* End XCSwiftPackageProductDependency section */
	};
	rootObject = D00000000000000000000001 /* Project object */;
}
